// !$*UTF8*$!
{
	archiveVersion = 1;
	classes = {
	};
	objectVersion = 55;
	objects = {

/* Begin PBXBuildFile section */
		49C3847028CF1FEE004C44B5 /* PhotosPicker in Frameworks */ = {isa = PBXBuildFile; productRef = 49C3846F28CF1FEE004C44B5 /* PhotosPicker */; };
		49C3847228CF28B6004C44B5 /* PhotoPicker.swift in Sources */ = {isa = PBXBuildFile; fileRef = 49C3847128CF28B6004C44B5 /* PhotoPicker.swift */; };
		49F3D5F928C9F027004D10E5 /* PhotoAppApp.swift in Sources */ = {isa = PBXBuildFile; fileRef = 49F3D5F828C9F027004D10E5 /* PhotoAppApp.swift */; };
		49F3D5FB28C9F027004D10E5 /* ContentView.swift in Sources */ = {isa = PBXBuildFile; fileRef = 49F3D5FA28C9F027004D10E5 /* ContentView.swift */; };
		49F3D5FD28C9F028004D10E5 /* Assets.xcassets in Resources */ = {isa = PBXBuildFile; fileRef = 49F3D5FC28C9F028004D10E5 /* Assets.xcassets */; };
		49F3D60028C9F028004D10E5 /* Preview Assets.xcassets in Resources */ = {isa = PBXBuildFile; fileRef = 49F3D5FF28C9F028004D10E5 /* Preview Assets.xcassets */; };
		49F3D60A28C9F028004D10E5 /* PhotoAppTests.swift in Sources */ = {isa = PBXBuildFile; fileRef = 49F3D60928C9F028004D10E5 /* PhotoAppTests.swift */; };
		49F3D61428C9F028004D10E5 /* PhotoAppUITests.swift in Sources */ = {isa = PBXBuildFile; fileRef = 49F3D61328C9F028004D10E5 /* PhotoAppUITests.swift */; };
		49F3D61628C9F028004D10E5 /* PhotoAppUITestsLaunchTests.swift in Sources */ = {isa = PBXBuildFile; fileRef = 49F3D61528C9F028004D10E5 /* PhotoAppUITestsLaunchTests.swift */; };
		49F3D62428C9F160004D10E5 /* FirebaseAnalytics in Frameworks */ = {isa = PBXBuildFile; productRef = 49F3D62328C9F160004D10E5 /* FirebaseAnalytics */; };
		49F3D62628C9F160004D10E5 /* FirebaseAnalyticsOnDeviceConversion in Frameworks */ = {isa = PBXBuildFile; productRef = 49F3D62528C9F160004D10E5 /* FirebaseAnalyticsOnDeviceConversion */; };
		49F3D62828C9F160004D10E5 /* FirebaseAnalyticsSwift in Frameworks */ = {isa = PBXBuildFile; productRef = 49F3D62728C9F160004D10E5 /* FirebaseAnalyticsSwift */; };
		49F3D62A28C9F160004D10E5 /* FirebaseAuth in Frameworks */ = {isa = PBXBuildFile; productRef = 49F3D62928C9F160004D10E5 /* FirebaseAuth */; };
		49F3D62C28C9F160004D10E5 /* FirebaseAuthCombine-Community in Frameworks */ = {isa = PBXBuildFile; productRef = 49F3D62B28C9F160004D10E5 /* FirebaseAuthCombine-Community */; };
		49F3D62E28C9F160004D10E5 /* FirebaseDatabase in Frameworks */ = {isa = PBXBuildFile; productRef = 49F3D62D28C9F160004D10E5 /* FirebaseDatabase */; };
		49F3D63028C9F160004D10E5 /* FirebaseDatabaseSwift in Frameworks */ = {isa = PBXBuildFile; productRef = 49F3D62F28C9F160004D10E5 /* FirebaseDatabaseSwift */; };
		49F3D63228C9F160004D10E5 /* FirebaseFirestore in Frameworks */ = {isa = PBXBuildFile; productRef = 49F3D63128C9F160004D10E5 /* FirebaseFirestore */; };
		49F3D63428C9F160004D10E5 /* FirebaseFirestoreCombine-Community in Frameworks */ = {isa = PBXBuildFile; productRef = 49F3D63328C9F160004D10E5 /* FirebaseFirestoreCombine-Community */; };
		49F3D63628C9F160004D10E5 /* FirebaseFirestoreSwift in Frameworks */ = {isa = PBXBuildFile; productRef = 49F3D63528C9F160004D10E5 /* FirebaseFirestoreSwift */; };
		49F3D63828C9F160004D10E5 /* FirebaseFunctions in Frameworks */ = {isa = PBXBuildFile; productRef = 49F3D63728C9F160004D10E5 /* FirebaseFunctions */; };
		49F3D63A28C9F160004D10E5 /* FirebaseFunctionsCombine-Community in Frameworks */ = {isa = PBXBuildFile; productRef = 49F3D63928C9F160004D10E5 /* FirebaseFunctionsCombine-Community */; };
		49F3D63C28C9F160004D10E5 /* FirebaseRemoteConfig in Frameworks */ = {isa = PBXBuildFile; productRef = 49F3D63B28C9F160004D10E5 /* FirebaseRemoteConfig */; };
		49F3D63E28C9F160004D10E5 /* FirebaseRemoteConfigSwift in Frameworks */ = {isa = PBXBuildFile; productRef = 49F3D63D28C9F160004D10E5 /* FirebaseRemoteConfigSwift */; };
		49F3D64028C9F160004D10E5 /* FirebaseStorage in Frameworks */ = {isa = PBXBuildFile; productRef = 49F3D63F28C9F160004D10E5 /* FirebaseStorage */; };
		49F3D64528C9F46F004D10E5 /* Algorithms in Frameworks */ = {isa = PBXBuildFile; productRef = 49F3D64428C9F46F004D10E5 /* Algorithms */; };
		49F3D64928C9F62F004D10E5 /* GoogleService-Info.plist in Resources */ = {isa = PBXBuildFile; fileRef = 49F3D64828C9F62F004D10E5 /* GoogleService-Info.plist */; };
		49F3D68128CDD5D3004D10E5 /* EventCreatorView.swift in Sources */ = {isa = PBXBuildFile; fileRef = 49F3D68028CDD5D3004D10E5 /* EventCreatorView.swift */; };
		49F3D68328CE0C46004D10E5 /* NewEvent.swift in Sources */ = {isa = PBXBuildFile; fileRef = 49F3D68228CE0C46004D10E5 /* NewEvent.swift */; };
		49F3D68528CE287C004D10E5 /* PhotoEventView.swift in Sources */ = {isa = PBXBuildFile; fileRef = 49F3D68428CE287B004D10E5 /* PhotoEventView.swift */; };
		49F3D68A28CE2FAB004D10E5 /* Algorithms in Frameworks */ = {isa = PBXBuildFile; productRef = 49F3D68928CE2FAB004D10E5 /* Algorithms */; };
/* End PBXBuildFile section */

/* Begin PBXContainerItemProxy section */
		49F3D60628C9F028004D10E5 /* PBXContainerItemProxy */ = {
			isa = PBXContainerItemProxy;
			containerPortal = 49F3D5ED28C9F027004D10E5 /* Project object */;
			proxyType = 1;
			remoteGlobalIDString = 49F3D5F428C9F027004D10E5;
			remoteInfo = PhotoApp;
		};
		49F3D61028C9F028004D10E5 /* PBXContainerItemProxy */ = {
			isa = PBXContainerItemProxy;
			containerPortal = 49F3D5ED28C9F027004D10E5 /* Project object */;
			proxyType = 1;
			remoteGlobalIDString = 49F3D5F428C9F027004D10E5;
			remoteInfo = PhotoApp;
		};
/* End PBXContainerItemProxy section */

/* Begin PBXFileReference section */
		49C3847128CF28B6004C44B5 /* PhotoPicker.swift */ = {isa = PBXFileReference; lastKnownFileType = sourcecode.swift; path = PhotoPicker.swift; sourceTree = "<group>"; };
		49F3D5F528C9F027004D10E5 /* PhotoApp.app */ = {isa = PBXFileReference; explicitFileType = wrapper.application; includeInIndex = 0; path = PhotoApp.app; sourceTree = BUILT_PRODUCTS_DIR; };
		49F3D5F828C9F027004D10E5 /* PhotoAppApp.swift */ = {isa = PBXFileReference; lastKnownFileType = sourcecode.swift; path = PhotoAppApp.swift; sourceTree = "<group>"; };
		49F3D5FA28C9F027004D10E5 /* ContentView.swift */ = {isa = PBXFileReference; lastKnownFileType = sourcecode.swift; path = ContentView.swift; sourceTree = "<group>"; };
		49F3D5FC28C9F028004D10E5 /* Assets.xcassets */ = {isa = PBXFileReference; lastKnownFileType = folder.assetcatalog; path = Assets.xcassets; sourceTree = "<group>"; };
		49F3D5FF28C9F028004D10E5 /* Preview Assets.xcassets */ = {isa = PBXFileReference; lastKnownFileType = folder.assetcatalog; path = "Preview Assets.xcassets"; sourceTree = "<group>"; };
		49F3D60528C9F028004D10E5 /* PhotoAppTests.xctest */ = {isa = PBXFileReference; explicitFileType = wrapper.cfbundle; includeInIndex = 0; path = PhotoAppTests.xctest; sourceTree = BUILT_PRODUCTS_DIR; };
		49F3D60928C9F028004D10E5 /* PhotoAppTests.swift */ = {isa = PBXFileReference; lastKnownFileType = sourcecode.swift; path = PhotoAppTests.swift; sourceTree = "<group>"; };
		49F3D60F28C9F028004D10E5 /* PhotoAppUITests.xctest */ = {isa = PBXFileReference; explicitFileType = wrapper.cfbundle; includeInIndex = 0; path = PhotoAppUITests.xctest; sourceTree = BUILT_PRODUCTS_DIR; };
		49F3D61328C9F028004D10E5 /* PhotoAppUITests.swift */ = {isa = PBXFileReference; lastKnownFileType = sourcecode.swift; path = PhotoAppUITests.swift; sourceTree = "<group>"; };
		49F3D61528C9F028004D10E5 /* PhotoAppUITestsLaunchTests.swift */ = {isa = PBXFileReference; lastKnownFileType = sourcecode.swift; path = PhotoAppUITestsLaunchTests.swift; sourceTree = "<group>"; };
		49F3D64828C9F62F004D10E5 /* GoogleService-Info.plist */ = {isa = PBXFileReference; fileEncoding = 4; lastKnownFileType = text.plist.xml; name = "GoogleService-Info.plist"; path = "../../../Downloads/GoogleService-Info.plist"; sourceTree = "<group>"; };
		49F3D68028CDD5D3004D10E5 /* EventCreatorView.swift */ = {isa = PBXFileReference; lastKnownFileType = sourcecode.swift; path = EventCreatorView.swift; sourceTree = "<group>"; };
		49F3D68228CE0C46004D10E5 /* NewEvent.swift */ = {isa = PBXFileReference; lastKnownFileType = sourcecode.swift; path = NewEvent.swift; sourceTree = "<group>"; };
		49F3D68428CE287B004D10E5 /* PhotoEventView.swift */ = {isa = PBXFileReference; lastKnownFileType = sourcecode.swift; path = PhotoEventView.swift; sourceTree = "<group>"; };
/* End PBXFileReference section */

/* Begin PBXFrameworksBuildPhase section */
		49F3D5F228C9F027004D10E5 /* Frameworks */ = {
			isa = PBXFrameworksBuildPhase;
			buildActionMask = 2147483647;
			files = (
				49F3D63028C9F160004D10E5 /* FirebaseDatabaseSwift in Frameworks */,
				49F3D68A28CE2FAB004D10E5 /* Algorithms in Frameworks */,
				49F3D62E28C9F160004D10E5 /* FirebaseDatabase in Frameworks */,
				49F3D62828C9F160004D10E5 /* FirebaseAnalyticsSwift in Frameworks */,
				49F3D63E28C9F160004D10E5 /* FirebaseRemoteConfigSwift in Frameworks */,
				49F3D64528C9F46F004D10E5 /* Algorithms in Frameworks */,
				49F3D63428C9F160004D10E5 /* FirebaseFirestoreCombine-Community in Frameworks */,
				49F3D62428C9F160004D10E5 /* FirebaseAnalytics in Frameworks */,
				49F3D63628C9F160004D10E5 /* FirebaseFirestoreSwift in Frameworks */,
				49C3847028CF1FEE004C44B5 /* PhotosPicker in Frameworks */,
				49F3D62628C9F160004D10E5 /* FirebaseAnalyticsOnDeviceConversion in Frameworks */,
				49F3D64028C9F160004D10E5 /* FirebaseStorage in Frameworks */,
				49F3D63228C9F160004D10E5 /* FirebaseFirestore in Frameworks */,
				49F3D62A28C9F160004D10E5 /* FirebaseAuth in Frameworks */,
				49F3D63828C9F160004D10E5 /* FirebaseFunctions in Frameworks */,
				49F3D63C28C9F160004D10E5 /* FirebaseRemoteConfig in Frameworks */,
				49F3D62C28C9F160004D10E5 /* FirebaseAuthCombine-Community in Frameworks */,
				49F3D63A28C9F160004D10E5 /* FirebaseFunctionsCombine-Community in Frameworks */,
			);
			runOnlyForDeploymentPostprocessing = 0;
		};
		49F3D60228C9F028004D10E5 /* Frameworks */ = {
			isa = PBXFrameworksBuildPhase;
			buildActionMask = 2147483647;
			files = (
			);
			runOnlyForDeploymentPostprocessing = 0;
		};
		49F3D60C28C9F028004D10E5 /* Frameworks */ = {
			isa = PBXFrameworksBuildPhase;
			buildActionMask = 2147483647;
			files = (
			);
			runOnlyForDeploymentPostprocessing = 0;
		};
/* End PBXFrameworksBuildPhase section */

/* Begin PBXGroup section */
		49F3D5EC28C9F027004D10E5 = {
			isa = PBXGroup;
			children = (
				49F3D5F728C9F027004D10E5 /* PhotoApp */,
				49F3D60828C9F028004D10E5 /* PhotoAppTests */,
				49F3D61228C9F028004D10E5 /* PhotoAppUITests */,
				49F3D5F628C9F027004D10E5 /* Products */,
			);
			sourceTree = "<group>";
		};
		49F3D5F628C9F027004D10E5 /* Products */ = {
			isa = PBXGroup;
			children = (
				49F3D5F528C9F027004D10E5 /* PhotoApp.app */,
				49F3D60528C9F028004D10E5 /* PhotoAppTests.xctest */,
				49F3D60F28C9F028004D10E5 /* PhotoAppUITests.xctest */,
			);
			name = Products;
			sourceTree = "<group>";
		};
		49F3D5F728C9F027004D10E5 /* PhotoApp */ = {
			isa = PBXGroup;
			children = (
				49F3D5F828C9F027004D10E5 /* PhotoAppApp.swift */,
				49F3D5FA28C9F027004D10E5 /* ContentView.swift */,
				49F3D68028CDD5D3004D10E5 /* EventCreatorView.swift */,
				49F3D68228CE0C46004D10E5 /* NewEvent.swift */,
				49F3D68428CE287B004D10E5 /* PhotoEventView.swift */,
				49C3847128CF28B6004C44B5 /* PhotoPicker.swift */,
				49F3D64828C9F62F004D10E5 /* GoogleService-Info.plist */,
				49F3D5FC28C9F028004D10E5 /* Assets.xcassets */,
				49F3D5FE28C9F028004D10E5 /* Preview Content */,
			);
			path = PhotoApp;
			sourceTree = "<group>";
		};
		49F3D5FE28C9F028004D10E5 /* Preview Content */ = {
			isa = PBXGroup;
			children = (
				49F3D5FF28C9F028004D10E5 /* Preview Assets.xcassets */,
			);
			path = "Preview Content";
			sourceTree = "<group>";
		};
		49F3D60828C9F028004D10E5 /* PhotoAppTests */ = {
			isa = PBXGroup;
			children = (
				49F3D60928C9F028004D10E5 /* PhotoAppTests.swift */,
			);
			path = PhotoAppTests;
			sourceTree = "<group>";
		};
		49F3D61228C9F028004D10E5 /* PhotoAppUITests */ = {
			isa = PBXGroup;
			children = (
				49F3D61328C9F028004D10E5 /* PhotoAppUITests.swift */,
				49F3D61528C9F028004D10E5 /* PhotoAppUITestsLaunchTests.swift */,
			);
			path = PhotoAppUITests;
			sourceTree = "<group>";
		};
/* End PBXGroup section */

/* Begin PBXNativeTarget section */
		49F3D5F428C9F027004D10E5 /* PhotoApp */ = {
			isa = PBXNativeTarget;
			buildConfigurationList = 49F3D61928C9F028004D10E5 /* Build configuration list for PBXNativeTarget "PhotoApp" */;
			buildPhases = (
				49F3D5F128C9F027004D10E5 /* Sources */,
				49F3D5F228C9F027004D10E5 /* Frameworks */,
				49F3D5F328C9F027004D10E5 /* Resources */,
			);
			buildRules = (
			);
			dependencies = (
			);
			name = PhotoApp;
			packageProductDependencies = (
				49F3D62328C9F160004D10E5 /* FirebaseAnalytics */,
				49F3D62528C9F160004D10E5 /* FirebaseAnalyticsOnDeviceConversion */,
				49F3D62728C9F160004D10E5 /* FirebaseAnalyticsSwift */,
				49F3D62928C9F160004D10E5 /* FirebaseAuth */,
				49F3D62B28C9F160004D10E5 /* FirebaseAuthCombine-Community */,
				49F3D62D28C9F160004D10E5 /* FirebaseDatabase */,
				49F3D62F28C9F160004D10E5 /* FirebaseDatabaseSwift */,
				49F3D63128C9F160004D10E5 /* FirebaseFirestore */,
				49F3D63328C9F160004D10E5 /* FirebaseFirestoreCombine-Community */,
				49F3D63528C9F160004D10E5 /* FirebaseFirestoreSwift */,
				49F3D63728C9F160004D10E5 /* FirebaseFunctions */,
				49F3D63928C9F160004D10E5 /* FirebaseFunctionsCombine-Community */,
				49F3D63B28C9F160004D10E5 /* FirebaseRemoteConfig */,
				49F3D63D28C9F160004D10E5 /* FirebaseRemoteConfigSwift */,
				49F3D63F28C9F160004D10E5 /* FirebaseStorage */,
				49F3D64428C9F46F004D10E5 /* Algorithms */,
				49F3D68928CE2FAB004D10E5 /* Algorithms */,
				49C3846F28CF1FEE004C44B5 /* PhotosPicker */,
			);
			productName = PhotoApp;
			productReference = 49F3D5F528C9F027004D10E5 /* PhotoApp.app */;
			productType = "com.apple.product-type.application";
		};
		49F3D60428C9F028004D10E5 /* PhotoAppTests */ = {
			isa = PBXNativeTarget;
			buildConfigurationList = 49F3D61C28C9F028004D10E5 /* Build configuration list for PBXNativeTarget "PhotoAppTests" */;
			buildPhases = (
				49F3D60128C9F028004D10E5 /* Sources */,
				49F3D60228C9F028004D10E5 /* Frameworks */,
				49F3D60328C9F028004D10E5 /* Resources */,
			);
			buildRules = (
			);
			dependencies = (
				49F3D60728C9F028004D10E5 /* PBXTargetDependency */,
			);
			name = PhotoAppTests;
			productName = PhotoAppTests;
			productReference = 49F3D60528C9F028004D10E5 /* PhotoAppTests.xctest */;
			productType = "com.apple.product-type.bundle.unit-test";
		};
		49F3D60E28C9F028004D10E5 /* PhotoAppUITests */ = {
			isa = PBXNativeTarget;
			buildConfigurationList = 49F3D61F28C9F028004D10E5 /* Build configuration list for PBXNativeTarget "PhotoAppUITests" */;
			buildPhases = (
				49F3D60B28C9F028004D10E5 /* Sources */,
				49F3D60C28C9F028004D10E5 /* Frameworks */,
				49F3D60D28C9F028004D10E5 /* Resources */,
			);
			buildRules = (
			);
			dependencies = (
				49F3D61128C9F028004D10E5 /* PBXTargetDependency */,
			);
			name = PhotoAppUITests;
			productName = PhotoAppUITests;
			productReference = 49F3D60F28C9F028004D10E5 /* PhotoAppUITests.xctest */;
			productType = "com.apple.product-type.bundle.ui-testing";
		};
/* End PBXNativeTarget section */

/* Begin PBXProject section */
		49F3D5ED28C9F027004D10E5 /* Project object */ = {
			isa = PBXProject;
			attributes = {
				BuildIndependentTargetsInParallel = 1;
				LastSwiftUpdateCheck = 1340;
				LastUpgradeCheck = 1340;
				TargetAttributes = {
					49F3D5F428C9F027004D10E5 = {
						CreatedOnToolsVersion = 13.4.1;
					};
					49F3D60428C9F028004D10E5 = {
						CreatedOnToolsVersion = 13.4.1;
						TestTargetID = 49F3D5F428C9F027004D10E5;
					};
					49F3D60E28C9F028004D10E5 = {
						CreatedOnToolsVersion = 13.4.1;
						TestTargetID = 49F3D5F428C9F027004D10E5;
					};
				};
			};
			buildConfigurationList = 49F3D5F028C9F027004D10E5 /* Build configuration list for PBXProject "PhotoApp" */;
			compatibilityVersion = "Xcode 13.0";
			developmentRegion = en;
			hasScannedForEncodings = 0;
			knownRegions = (
				en,
				Base,
			);
			mainGroup = 49F3D5EC28C9F027004D10E5;
			packageReferences = (
				49F3D62228C9F160004D10E5 /* XCRemoteSwiftPackageReference "firebase-ios-sdk" */,
				49F3D64328C9F46F004D10E5 /* XCRemoteSwiftPackageReference "swift-algorithms" */,
				49F3D68828CE2FAB004D10E5 /* XCRemoteSwiftPackageReference "swift-algorithms" */,
				49C3846E28CF1FEE004C44B5 /* XCRemoteSwiftPackageReference "SwiftUI-PhotosPicker" */,
			);
			productRefGroup = 49F3D5F628C9F027004D10E5 /* Products */;
			projectDirPath = "";
			projectRoot = "";
			targets = (
				49F3D5F428C9F027004D10E5 /* PhotoApp */,
				49F3D60428C9F028004D10E5 /* PhotoAppTests */,
				49F3D60E28C9F028004D10E5 /* PhotoAppUITests */,
			);
		};
/* End PBXProject section */

/* Begin PBXResourcesBuildPhase section */
		49F3D5F328C9F027004D10E5 /* Resources */ = {
			isa = PBXResourcesBuildPhase;
			buildActionMask = 2147483647;
			files = (
				49F3D60028C9F028004D10E5 /* Preview Assets.xcassets in Resources */,
				49F3D5FD28C9F028004D10E5 /* Assets.xcassets in Resources */,
				49F3D64928C9F62F004D10E5 /* GoogleService-Info.plist in Resources */,
			);
			runOnlyForDeploymentPostprocessing = 0;
		};
		49F3D60328C9F028004D10E5 /* Resources */ = {
			isa = PBXResourcesBuildPhase;
			buildActionMask = 2147483647;
			files = (
			);
			runOnlyForDeploymentPostprocessing = 0;
		};
		49F3D60D28C9F028004D10E5 /* Resources */ = {
			isa = PBXResourcesBuildPhase;
			buildActionMask = 2147483647;
			files = (
			);
			runOnlyForDeploymentPostprocessing = 0;
		};
/* End PBXResourcesBuildPhase section */

/* Begin PBXSourcesBuildPhase section */
		49F3D5F128C9F027004D10E5 /* Sources */ = {
			isa = PBXSourcesBuildPhase;
			buildActionMask = 2147483647;
			files = (
				49F3D5FB28C9F027004D10E5 /* ContentView.swift in Sources */,
				49F3D5F928C9F027004D10E5 /* PhotoAppApp.swift in Sources */,
				49C3847228CF28B6004C44B5 /* PhotoPicker.swift in Sources */,
				49F3D68328CE0C46004D10E5 /* NewEvent.swift in Sources */,
				49F3D68528CE287C004D10E5 /* PhotoEventView.swift in Sources */,
				49F3D68128CDD5D3004D10E5 /* EventCreatorView.swift in Sources */,
			);
			runOnlyForDeploymentPostprocessing = 0;
		};
		49F3D60128C9F028004D10E5 /* Sources */ = {
			isa = PBXSourcesBuildPhase;
			buildActionMask = 2147483647;
			files = (
				49F3D60A28C9F028004D10E5 /* PhotoAppTests.swift in Sources */,
			);
			runOnlyForDeploymentPostprocessing = 0;
		};
		49F3D60B28C9F028004D10E5 /* Sources */ = {
			isa = PBXSourcesBuildPhase;
			buildActionMask = 2147483647;
			files = (
				49F3D61628C9F028004D10E5 /* PhotoAppUITestsLaunchTests.swift in Sources */,
				49F3D61428C9F028004D10E5 /* PhotoAppUITests.swift in Sources */,
			);
			runOnlyForDeploymentPostprocessing = 0;
		};
/* End PBXSourcesBuildPhase section */

/* Begin PBXTargetDependency section */
		49F3D60728C9F028004D10E5 /* PBXTargetDependency */ = {
			isa = PBXTargetDependency;
			target = 49F3D5F428C9F027004D10E5 /* PhotoApp */;
			targetProxy = 49F3D60628C9F028004D10E5 /* PBXContainerItemProxy */;
		};
		49F3D61128C9F028004D10E5 /* PBXTargetDependency */ = {
			isa = PBXTargetDependency;
			target = 49F3D5F428C9F027004D10E5 /* PhotoApp */;
			targetProxy = 49F3D61028C9F028004D10E5 /* PBXContainerItemProxy */;
		};
/* End PBXTargetDependency section */

/* Begin XCBuildConfiguration section */
		49F3D61728C9F028004D10E5 /* Debug */ = {
			isa = XCBuildConfiguration;
			buildSettings = {
				ALWAYS_SEARCH_USER_PATHS = NO;
				CLANG_ANALYZER_NONNULL = YES;
				CLANG_ANALYZER_NUMBER_OBJECT_CONVERSION = YES_AGGRESSIVE;
				CLANG_CXX_LANGUAGE_STANDARD = "gnu++17";
				CLANG_ENABLE_MODULES = YES;
				CLANG_ENABLE_OBJC_ARC = YES;
				CLANG_ENABLE_OBJC_WEAK = YES;
				CLANG_WARN_BLOCK_CAPTURE_AUTORELEASING = YES;
				CLANG_WARN_BOOL_CONVERSION = YES;
				CLANG_WARN_COMMA = YES;
				CLANG_WARN_CONSTANT_CONVERSION = YES;
				CLANG_WARN_DEPRECATED_OBJC_IMPLEMENTATIONS = YES;
				CLANG_WARN_DIRECT_OBJC_ISA_USAGE = YES_ERROR;
				CLANG_WARN_DOCUMENTATION_COMMENTS = YES;
				CLANG_WARN_EMPTY_BODY = YES;
				CLANG_WARN_ENUM_CONVERSION = YES;
				CLANG_WARN_INFINITE_RECURSION = YES;
				CLANG_WARN_INT_CONVERSION = YES;
				CLANG_WARN_NON_LITERAL_NULL_CONVERSION = YES;
				CLANG_WARN_OBJC_IMPLICIT_RETAIN_SELF = YES;
				CLANG_WARN_OBJC_LITERAL_CONVERSION = YES;
				CLANG_WARN_OBJC_ROOT_CLASS = YES_ERROR;
				CLANG_WARN_QUOTED_INCLUDE_IN_FRAMEWORK_HEADER = YES;
				CLANG_WARN_RANGE_LOOP_ANALYSIS = YES;
				CLANG_WARN_STRICT_PROTOTYPES = YES;
				CLANG_WARN_SUSPICIOUS_MOVE = YES;
				CLANG_WARN_UNGUARDED_AVAILABILITY = YES_AGGRESSIVE;
				CLANG_WARN_UNREACHABLE_CODE = YES;
				CLANG_WARN__DUPLICATE_METHOD_MATCH = YES;
				COPY_PHASE_STRIP = NO;
				DEBUG_INFORMATION_FORMAT = dwarf;
				ENABLE_STRICT_OBJC_MSGSEND = YES;
				ENABLE_TESTABILITY = YES;
				GCC_C_LANGUAGE_STANDARD = gnu11;
				GCC_DYNAMIC_NO_PIC = NO;
				GCC_NO_COMMON_BLOCKS = YES;
				GCC_OPTIMIZATION_LEVEL = 0;
				GCC_PREPROCESSOR_DEFINITIONS = (
					"DEBUG=1",
					"$(inherited)",
				);
				GCC_WARN_64_TO_32_BIT_CONVERSION = YES;
				GCC_WARN_ABOUT_RETURN_TYPE = YES_ERROR;
				GCC_WARN_UNDECLARED_SELECTOR = YES;
				GCC_WARN_UNINITIALIZED_AUTOS = YES_AGGRESSIVE;
				GCC_WARN_UNUSED_FUNCTION = YES;
				GCC_WARN_UNUSED_VARIABLE = YES;
				IPHONEOS_DEPLOYMENT_TARGET = 15.5;
				MTL_ENABLE_DEBUG_INFO = INCLUDE_SOURCE;
				MTL_FAST_MATH = YES;
				ONLY_ACTIVE_ARCH = YES;
				SDKROOT = iphoneos;
				SWIFT_ACTIVE_COMPILATION_CONDITIONS = DEBUG;
				SWIFT_OPTIMIZATION_LEVEL = "-Onone";
			};
			name = Debug;
		};
		49F3D61828C9F028004D10E5 /* Release */ = {
			isa = XCBuildConfiguration;
			buildSettings = {
				ALWAYS_SEARCH_USER_PATHS = NO;
				CLANG_ANALYZER_NONNULL = YES;
				CLANG_ANALYZER_NUMBER_OBJECT_CONVERSION = YES_AGGRESSIVE;
				CLANG_CXX_LANGUAGE_STANDARD = "gnu++17";
				CLANG_ENABLE_MODULES = YES;
				CLANG_ENABLE_OBJC_ARC = YES;
				CLANG_ENABLE_OBJC_WEAK = YES;
				CLANG_WARN_BLOCK_CAPTURE_AUTORELEASING = YES;
				CLANG_WARN_BOOL_CONVERSION = YES;
				CLANG_WARN_COMMA = YES;
				CLANG_WARN_CONSTANT_CONVERSION = YES;
				CLANG_WARN_DEPRECATED_OBJC_IMPLEMENTATIONS = YES;
				CLANG_WARN_DIRECT_OBJC_ISA_USAGE = YES_ERROR;
				CLANG_WARN_DOCUMENTATION_COMMENTS = YES;
				CLANG_WARN_EMPTY_BODY = YES;
				CLANG_WARN_ENUM_CONVERSION = YES;
				CLANG_WARN_INFINITE_RECURSION = YES;
				CLANG_WARN_INT_CONVERSION = YES;
				CLANG_WARN_NON_LITERAL_NULL_CONVERSION = YES;
				CLANG_WARN_OBJC_IMPLICIT_RETAIN_SELF = YES;
				CLANG_WARN_OBJC_LITERAL_CONVERSION = YES;
				CLANG_WARN_OBJC_ROOT_CLASS = YES_ERROR;
				CLANG_WARN_QUOTED_INCLUDE_IN_FRAMEWORK_HEADER = YES;
				CLANG_WARN_RANGE_LOOP_ANALYSIS = YES;
				CLANG_WARN_STRICT_PROTOTYPES = YES;
				CLANG_WARN_SUSPICIOUS_MOVE = YES;
				CLANG_WARN_UNGUARDED_AVAILABILITY = YES_AGGRESSIVE;
				CLANG_WARN_UNREACHABLE_CODE = YES;
				CLANG_WARN__DUPLICATE_METHOD_MATCH = YES;
				COPY_PHASE_STRIP = NO;
				DEBUG_INFORMATION_FORMAT = "dwarf-with-dsym";
				ENABLE_NS_ASSERTIONS = NO;
				ENABLE_STRICT_OBJC_MSGSEND = YES;
				GCC_C_LANGUAGE_STANDARD = gnu11;
				GCC_NO_COMMON_BLOCKS = YES;
				GCC_WARN_64_TO_32_BIT_CONVERSION = YES;
				GCC_WARN_ABOUT_RETURN_TYPE = YES_ERROR;
				GCC_WARN_UNDECLARED_SELECTOR = YES;
				GCC_WARN_UNINITIALIZED_AUTOS = YES_AGGRESSIVE;
				GCC_WARN_UNUSED_FUNCTION = YES;
				GCC_WARN_UNUSED_VARIABLE = YES;
				IPHONEOS_DEPLOYMENT_TARGET = 15.5;
				MTL_ENABLE_DEBUG_INFO = NO;
				MTL_FAST_MATH = YES;
				SDKROOT = iphoneos;
				SWIFT_COMPILATION_MODE = wholemodule;
				SWIFT_OPTIMIZATION_LEVEL = "-O";
				VALIDATE_PRODUCT = YES;
			};
			name = Release;
		};
		49F3D61A28C9F028004D10E5 /* Debug */ = {
			isa = XCBuildConfiguration;
			buildSettings = {
				ASSETCATALOG_COMPILER_APPICON_NAME = AppIcon;
				ASSETCATALOG_COMPILER_GLOBAL_ACCENT_COLOR_NAME = AccentColor;
				CODE_SIGN_IDENTITY = "Apple Development";
				CODE_SIGN_STYLE = Automatic;
				CURRENT_PROJECT_VERSION = 1;
				DEVELOPMENT_ASSET_PATHS = "\"PhotoApp/Preview Content\"";
				DEVELOPMENT_TEAM = GMN34T58D5;
				ENABLE_PREVIEWS = YES;
				GENERATE_INFOPLIST_FILE = YES;
				INFOPLIST_KEY_UIApplicationSceneManifest_Generation = YES;
				INFOPLIST_KEY_UIApplicationSupportsIndirectInputEvents = YES;
				INFOPLIST_KEY_UILaunchScreen_Generation = YES;
				INFOPLIST_KEY_UISupportedInterfaceOrientations_iPad = "UIInterfaceOrientationPortrait UIInterfaceOrientationPortraitUpsideDown UIInterfaceOrientationLandscapeLeft UIInterfaceOrientationLandscapeRight";
				INFOPLIST_KEY_UISupportedInterfaceOrientations_iPhone = "UIInterfaceOrientationPortrait UIInterfaceOrientationLandscapeLeft UIInterfaceOrientationLandscapeRight";
				LD_RUNPATH_SEARCH_PATHS = (
					"$(inherited)",
					"@executable_path/Frameworks",
				);
				MARKETING_VERSION = 1.0;
				PRODUCT_BUNDLE_IDENTIFIER = hagenberg.PhotoApp;
				PRODUCT_NAME = "$(TARGET_NAME)";
				PROVISIONING_PROFILE_SPECIFIER = "";
				SWIFT_EMIT_LOC_STRINGS = YES;
				SWIFT_VERSION = 5.0;
				TARGETED_DEVICE_FAMILY = "1,2";
			};
			name = Debug;
		};
		49F3D61B28C9F028004D10E5 /* Release */ = {
			isa = XCBuildConfiguration;
			buildSettings = {
				ASSETCATALOG_COMPILER_APPICON_NAME = AppIcon;
				ASSETCATALOG_COMPILER_GLOBAL_ACCENT_COLOR_NAME = AccentColor;
				CODE_SIGN_IDENTITY = "Apple Development";
				CODE_SIGN_STYLE = Automatic;
				CURRENT_PROJECT_VERSION = 1;
				DEVELOPMENT_ASSET_PATHS = "\"PhotoApp/Preview Content\"";
				DEVELOPMENT_TEAM = GMN34T58D5;
				ENABLE_PREVIEWS = YES;
				GENERATE_INFOPLIST_FILE = YES;
				INFOPLIST_KEY_UIApplicationSceneManifest_Generation = YES;
				INFOPLIST_KEY_UIApplicationSupportsIndirectInputEvents = YES;
				INFOPLIST_KEY_UILaunchScreen_Generation = YES;
				INFOPLIST_KEY_UISupportedInterfaceOrientations_iPad = "UIInterfaceOrientationPortrait UIInterfaceOrientationPortraitUpsideDown UIInterfaceOrientationLandscapeLeft UIInterfaceOrientationLandscapeRight";
				INFOPLIST_KEY_UISupportedInterfaceOrientations_iPhone = "UIInterfaceOrientationPortrait UIInterfaceOrientationLandscapeLeft UIInterfaceOrientationLandscapeRight";
				LD_RUNPATH_SEARCH_PATHS = (
					"$(inherited)",
					"@executable_path/Frameworks",
				);
				MARKETING_VERSION = 1.0;
				PRODUCT_BUNDLE_IDENTIFIER = hagenberg.PhotoApp;
				PRODUCT_NAME = "$(TARGET_NAME)";
				PROVISIONING_PROFILE_SPECIFIER = "";
				SWIFT_EMIT_LOC_STRINGS = YES;
				SWIFT_VERSION = 5.0;
				TARGETED_DEVICE_FAMILY = "1,2";
			};
			name = Release;
		};
		49F3D61D28C9F028004D10E5 /* Debug */ = {
			isa = XCBuildConfiguration;
			buildSettings = {
				ALWAYS_EMBED_SWIFT_STANDARD_LIBRARIES = YES;
				BUNDLE_LOADER = "$(TEST_HOST)";
				CODE_SIGN_STYLE = Automatic;
				CURRENT_PROJECT_VERSION = 1;
				GENERATE_INFOPLIST_FILE = YES;
				IPHONEOS_DEPLOYMENT_TARGET = 15.5;
				MARKETING_VERSION = 1.0;
				PRODUCT_BUNDLE_IDENTIFIER = hagenberg.PhotoAppTests;
				PRODUCT_NAME = "$(TARGET_NAME)";
				SWIFT_EMIT_LOC_STRINGS = NO;
				SWIFT_VERSION = 5.0;
				TARGETED_DEVICE_FAMILY = "1,2";
				TEST_HOST = "$(BUILT_PRODUCTS_DIR)/PhotoApp.app/PhotoApp";
			};
			name = Debug;
		};
		49F3D61E28C9F028004D10E5 /* Release */ = {
			isa = XCBuildConfiguration;
			buildSettings = {
				ALWAYS_EMBED_SWIFT_STANDARD_LIBRARIES = YES;
				BUNDLE_LOADER = "$(TEST_HOST)";
				CODE_SIGN_STYLE = Automatic;
				CURRENT_PROJECT_VERSION = 1;
				GENERATE_INFOPLIST_FILE = YES;
				IPHONEOS_DEPLOYMENT_TARGET = 15.5;
				MARKETING_VERSION = 1.0;
				PRODUCT_BUNDLE_IDENTIFIER = hagenberg.PhotoAppTests;
				PRODUCT_NAME = "$(TARGET_NAME)";
				SWIFT_EMIT_LOC_STRINGS = NO;
				SWIFT_VERSION = 5.0;
				TARGETED_DEVICE_FAMILY = "1,2";
				TEST_HOST = "$(BUILT_PRODUCTS_DIR)/PhotoApp.app/PhotoApp";
			};
			name = Release;
		};
		49F3D62028C9F028004D10E5 /* Debug */ = {
			isa = XCBuildConfiguration;
			buildSettings = {
				ALWAYS_EMBED_SWIFT_STANDARD_LIBRARIES = YES;
				CODE_SIGN_STYLE = Automatic;
				CURRENT_PROJECT_VERSION = 1;
				GENERATE_INFOPLIST_FILE = YES;
				MARKETING_VERSION = 1.0;
				PRODUCT_BUNDLE_IDENTIFIER = hagenberg.PhotoAppUITests;
				PRODUCT_NAME = "$(TARGET_NAME)";
				SWIFT_EMIT_LOC_STRINGS = NO;
				SWIFT_VERSION = 5.0;
				TARGETED_DEVICE_FAMILY = "1,2";
				TEST_TARGET_NAME = PhotoApp;
			};
			name = Debug;
		};
		49F3D62128C9F028004D10E5 /* Release */ = {
			isa = XCBuildConfiguration;
			buildSettings = {
				ALWAYS_EMBED_SWIFT_STANDARD_LIBRARIES = YES;
				CODE_SIGN_STYLE = Automatic;
				CURRENT_PROJECT_VERSION = 1;
				GENERATE_INFOPLIST_FILE = YES;
				MARKETING_VERSION = 1.0;
				PRODUCT_BUNDLE_IDENTIFIER = hagenberg.PhotoAppUITests;
				PRODUCT_NAME = "$(TARGET_NAME)";
				SWIFT_EMIT_LOC_STRINGS = NO;
				SWIFT_VERSION = 5.0;
				TARGETED_DEVICE_FAMILY = "1,2";
				TEST_TARGET_NAME = PhotoApp;
			};
			name = Release;
		};
/* End XCBuildConfiguration section */

/* Begin XCConfigurationList section */
		49F3D5F028C9F027004D10E5 /* Build configuration list for PBXProject "PhotoApp" */ = {
			isa = XCConfigurationList;
			buildConfigurations = (
				49F3D61728C9F028004D10E5 /* Debug */,
				49F3D61828C9F028004D10E5 /* Release */,
			);
			defaultConfigurationIsVisible = 0;
			defaultConfigurationName = Release;
		};
		49F3D61928C9F028004D10E5 /* Build configuration list for PBXNativeTarget "PhotoApp" */ = {
			isa = XCConfigurationList;
			buildConfigurations = (
				49F3D61A28C9F028004D10E5 /* Debug */,
				49F3D61B28C9F028004D10E5 /* Release */,
			);
			defaultConfigurationIsVisible = 0;
			defaultConfigurationName = Release;
		};
		49F3D61C28C9F028004D10E5 /* Build configuration list for PBXNativeTarget "PhotoAppTests" */ = {
			isa = XCConfigurationList;
			buildConfigurations = (
				49F3D61D28C9F028004D10E5 /* Debug */,
				49F3D61E28C9F028004D10E5 /* Release */,
			);
			defaultConfigurationIsVisible = 0;
			defaultConfigurationName = Release;
		};
		49F3D61F28C9F028004D10E5 /* Build configuration list for PBXNativeTarget "PhotoAppUITests" */ = {
			isa = XCConfigurationList;
			buildConfigurations = (
				49F3D62028C9F028004D10E5 /* Debug */,
				49F3D62128C9F028004D10E5 /* Release */,
			);
			defaultConfigurationIsVisible = 0;
			defaultConfigurationName = Release;
		};
/* End XCConfigurationList section */

/* Begin XCRemoteSwiftPackageReference section */
		49C3846E28CF1FEE004C44B5 /* XCRemoteSwiftPackageReference "SwiftUI-PhotosPicker" */ = {
			isa = XCRemoteSwiftPackageReference;
			repositoryURL = "https://github.com/lorenzofiamingo/SwiftUI-PhotosPicker";
			requirement = {
				kind = upToNextMajorVersion;
				minimumVersion = 2.0.0;
			};
		};
		49F3D62228C9F160004D10E5 /* XCRemoteSwiftPackageReference "firebase-ios-sdk" */ = {
			isa = XCRemoteSwiftPackageReference;
			repositoryURL = "https://github.com/firebase/firebase-ios-sdk";
			requirement = {
				kind = upToNextMajorVersion;
				minimumVersion = 9.0.0;
			};
		};
		49F3D64328C9F46F004D10E5 /* XCRemoteSwiftPackageReference "swift-algorithms" */ = {
			isa = XCRemoteSwiftPackageReference;
			repositoryURL = "https://github.com/apple/swift-algorithms.git";
			requirement = {
				kind = upToNextMajorVersion;
				minimumVersion = 1.0.0;
			};
		};
		49F3D68828CE2FAB004D10E5 /* XCRemoteSwiftPackageReference "swift-algorithms" */ = {
			isa = XCRemoteSwiftPackageReference;
			repositoryURL = "https://github.com/apple/swift-algorithms.git";
			requirement = {
				kind = upToNextMajorVersion;
				minimumVersion = 1.0.0;
			};
		};
/* End XCRemoteSwiftPackageReference section */

/* Begin XCSwiftPackageProductDependency section */
		49C3846F28CF1FEE004C44B5 /* PhotosPicker */ = {
			isa = XCSwiftPackageProductDependency;
			package = 49C3846E28CF1FEE004C44B5 /* XCRemoteSwiftPackageReference "SwiftUI-PhotosPicker" */;
			productName = PhotosPicker;
		};
		49F3D62328C9F160004D10E5 /* FirebaseAnalytics */ = {
			isa = XCSwiftPackageProductDependency;
			package = 49F3D62228C9F160004D10E5 /* XCRemoteSwiftPackageReference "firebase-ios-sdk" */;
			productName = FirebaseAnalytics;
		};
		49F3D62528C9F160004D10E5 /* FirebaseAnalyticsOnDeviceConversion */ = {
			isa = XCSwiftPackageProductDependency;
			package = 49F3D62228C9F160004D10E5 /* XCRemoteSwiftPackageReference "firebase-ios-sdk" */;
			productName = FirebaseAnalyticsOnDeviceConversion;
		};
		49F3D62728C9F160004D10E5 /* FirebaseAnalyticsSwift */ = {
			isa = XCSwiftPackageProductDependency;
			package = 49F3D62228C9F160004D10E5 /* XCRemoteSwiftPackageReference "firebase-ios-sdk" */;
			productName = FirebaseAnalyticsSwift;
		};
		49F3D62928C9F160004D10E5 /* FirebaseAuth */ = {
			isa = XCSwiftPackageProductDependency;
			package = 49F3D62228C9F160004D10E5 /* XCRemoteSwiftPackageReference "firebase-ios-sdk" */;
			productName = FirebaseAuth;
		};
		49F3D62B28C9F160004D10E5 /* FirebaseAuthCombine-Community */ = {
			isa = XCSwiftPackageProductDependency;
			package = 49F3D62228C9F160004D10E5 /* XCRemoteSwiftPackageReference "firebase-ios-sdk" */;
			productName = "FirebaseAuthCombine-Community";
		};
		49F3D62D28C9F160004D10E5 /* FirebaseDatabase */ = {
			isa = XCSwiftPackageProductDependency;
			package = 49F3D62228C9F160004D10E5 /* XCRemoteSwiftPackageReference "firebase-ios-sdk" */;
			productName = FirebaseDatabase;
		};
		49F3D62F28C9F160004D10E5 /* FirebaseDatabaseSwift */ = {
			isa = XCSwiftPackageProductDependency;
			package = 49F3D62228C9F160004D10E5 /* XCRemoteSwiftPackageReference "firebase-ios-sdk" */;
			productName = FirebaseDatabaseSwift;
		};
		49F3D63128C9F160004D10E5 /* FirebaseFirestore */ = {
			isa = XCSwiftPackageProductDependency;
			package = 49F3D62228C9F160004D10E5 /* XCRemoteSwiftPackageReference "firebase-ios-sdk" */;
			productName = FirebaseFirestore;
		};
		49F3D63328C9F160004D10E5 /* FirebaseFirestoreCombine-Community */ = {
			isa = XCSwiftPackageProductDependency;
			package = 49F3D62228C9F160004D10E5 /* XCRemoteSwiftPackageReference "firebase-ios-sdk" */;
			productName = "FirebaseFirestoreCombine-Community";
		};
		49F3D63528C9F160004D10E5 /* FirebaseFirestoreSwift */ = {
			isa = XCSwiftPackageProductDependency;
			package = 49F3D62228C9F160004D10E5 /* XCRemoteSwiftPackageReference "firebase-ios-sdk" */;
			productName = FirebaseFirestoreSwift;
		};
		49F3D63728C9F160004D10E5 /* FirebaseFunctions */ = {
			isa = XCSwiftPackageProductDependency;
			package = 49F3D62228C9F160004D10E5 /* XCRemoteSwiftPackageReference "firebase-ios-sdk" */;
			productName = FirebaseFunctions;
		};
		49F3D63928C9F160004D10E5 /* FirebaseFunctionsCombine-Community */ = {
			isa = XCSwiftPackageProductDependency;
			package = 49F3D62228C9F160004D10E5 /* XCRemoteSwiftPackageReference "firebase-ios-sdk" */;
			productName = "FirebaseFunctionsCombine-Community";
		};
		49F3D63B28C9F160004D10E5 /* FirebaseRemoteConfig */ = {
			isa = XCSwiftPackageProductDependency;
			package = 49F3D62228C9F160004D10E5 /* XCRemoteSwiftPackageReference "firebase-ios-sdk" */;
			productName = FirebaseRemoteConfig;
		};
		49F3D63D28C9F160004D10E5 /* FirebaseRemoteConfigSwift */ = {
			isa = XCSwiftPackageProductDependency;
			package = 49F3D62228C9F160004D10E5 /* XCRemoteSwiftPackageReference "firebase-ios-sdk" */;
			productName = FirebaseRemoteConfigSwift;
		};
		49F3D63F28C9F160004D10E5 /* FirebaseStorage */ = {
			isa = XCSwiftPackageProductDependency;
			package = 49F3D62228C9F160004D10E5 /* XCRemoteSwiftPackageReference "firebase-ios-sdk" */;
			productName = FirebaseStorage;
		};
		49F3D64428C9F46F004D10E5 /* Algorithms */ = {
			isa = XCSwiftPackageProductDependency;
			package = 49F3D64328C9F46F004D10E5 /* XCRemoteSwiftPackageReference "swift-algorithms" */;
			productName = Algorithms;
		};
		49F3D68928CE2FAB004D10E5 /* Algorithms */ = {
			isa = XCSwiftPackageProductDependency;
			package = 49F3D64328C9F46F004D10E5 /* XCRemoteSwiftPackageReference "swift-algorithms" */;
			productName = Algorithms;
		};
/* End XCSwiftPackageProductDependency section */
	};
	rootObject = 49F3D5ED28C9F027004D10E5 /* Project object */;
}
